
Microsoft Visual Studio Solution File, Format Version 12.00
# Visual Studio Version 17
VisualStudioVersion = 17.0.31903.59
MinimumVisualStudioVersion = 10.0.40219.1
Project("{FAE04EC0-301F-11D3-BF4B-00C04F79EFBC}") = "Onion.Assignment", "Onion.Assignment\Onion.Assignment.csproj", "{A0221DC2-DA32-4360-A415-CD8C1774D634}"
EndProject
Project("{FAE04EC0-301F-11D3-BF4B-00C04F79EFBC}") = "Onion.Domain", "Onion.Domain\Onion.Domain.csproj", "{B7D51786-F51D-4171-8740-2595AD85BABF}"
EndProject
Project("{FAE04EC0-301F-11D3-BF4B-00C04F79EFBC}") = "Onion.Application", "Onion.Application\Onion.Application.csproj", "{8E653D70-9ECD-4131-850B-1543A508178F}"
EndProject
Project("{2150E333-8FDC-42A3-9474-1A3956D46DE8}") = "tests", "tests", "{0AB3BF05-4346-4AA6-1389-037BE0695223}"
EndProject
Project("{FAE04EC0-301F-11D3-BF4B-00C04F79EFBC}") = "Onion.Application.Tests", "tests\Onion.Application.Tests\Onion.Application.Tests.csproj", "{87AA8BFF-430E-4234-ADEE-9627AC487B29}"
EndProject
Global
	GlobalSection(SolutionConfigurationPlatforms) = preSolution
		Debug|Any CPU = Debug|Any CPU
		Debug|x64 = Debug|x64
		Debug|x86 = Debug|x86
		Release|Any CPU = Release|Any CPU
		Release|x64 = Release|x64
		Release|x86 = Release|x86
	EndGlobalSection
	GlobalSection(ProjectConfigurationPlatforms) = postSolution
		{A0221DC2-DA32-4360-A415-CD8C1774D634}.Debug|Any CPU.ActiveCfg = Debug|Any CPU
		{A0221DC2-DA32-4360-A415-CD8C1774D634}.Debug|Any CPU.Build.0 = Debug|Any CPU
		{A0221DC2-DA32-4360-A415-CD8C1774D634}.Debug|x64.ActiveCfg = Debug|Any CPU
		{A0221DC2-DA32-4360-A415-CD8C1774D634}.Debug|x64.Build.0 = Debug|Any CPU
		{A0221DC2-DA32-4360-A415-CD8C1774D634}.Debug|x86.ActiveCfg = Debug|Any CPU
		{A0221DC2-DA32-4360-A415-CD8C1774D634}.Debug|x86.Build.0 = Debug|Any CPU
		{A0221DC2-DA32-4360-A415-CD8C1774D634}.Release|Any CPU.ActiveCfg = Release|Any CPU
		{A0221DC2-DA32-4360-A415-CD8C1774D634}.Release|Any CPU.Build.0 = Release|Any CPU
		{A0221DC2-DA32-4360-A415-CD8C1774D634}.Release|x64.ActiveCfg = Release|Any CPU
		{A0221DC2-DA32-4360-A415-CD8C1774D634}.Release|x64.Build.0 = Release|Any CPU
		{A0221DC2-DA32-4360-A415-CD8C1774D634}.Release|x86.ActiveCfg = Release|Any CPU
		{A0221DC2-DA32-4360-A415-CD8C1774D634}.Release|x86.Build.0 = Release|Any CPU
		{B7D51786-F51D-4171-8740-2595AD85BABF}.Debug|Any CPU.ActiveCfg = Debug|Any CPU
		{B7D51786-F51D-4171-8740-2595AD85BABF}.Debug|Any CPU.Build.0 = Debug|Any CPU
		{B7D51786-F51D-4171-8740-2595AD85BABF}.Debug|x64.ActiveCfg = Debug|Any CPU
		{B7D51786-F51D-4171-8740-2595AD85BABF}.Debug|x64.Build.0 = Debug|Any CPU
		{B7D51786-F51D-4171-8740-2595AD85BABF}.Debug|x86.ActiveCfg = Debug|Any CPU
		{B7D51786-F51D-4171-8740-2595AD85BABF}.Debug|x86.Build.0 = Debug|Any CPU
		{B7D51786-F51D-4171-8740-2595AD85BABF}.Release|Any CPU.ActiveCfg = Release|Any CPU
		{B7D51786-F51D-4171-8740-2595AD85BABF}.Release|Any CPU.Build.0 = Release|Any CPU
		{B7D51786-F51D-4171-8740-2595AD85BABF}.Release|x64.ActiveCfg = Release|Any CPU
		{B7D51786-F51D-4171-8740-2595AD85BABF}.Release|x64.Build.0 = Release|Any CPU
		{B7D51786-F51D-4171-8740-2595AD85BABF}.Release|x86.ActiveCfg = Release|Any CPU
		{B7D51786-F51D-4171-8740-2595AD85BABF}.Release|x86.Build.0 = Release|Any CPU
		{8E653D70-9ECD-4131-850B-1543A508178F}.Debug|Any CPU.ActiveCfg = Debug|Any CPU
		{8E653D70-9ECD-4131-850B-1543A508178F}.Debug|Any CPU.Build.0 = Debug|Any CPU
		{8E653D70-9ECD-4131-850B-1543A508178F}.Debug|x64.ActiveCfg = Debug|Any CPU
		{8E653D70-9ECD-4131-850B-1543A508178F}.Debug|x64.Build.0 = Debug|Any CPU
		{8E653D70-9ECD-4131-850B-1543A508178F}.Debug|x86.ActiveCfg = Debug|Any CPU
		{8E653D70-9ECD-4131-850B-1543A508178F}.Debug|x86.Build.0 = Debug|Any CPU
		{8E653D70-9ECD-4131-850B-1543A508178F}.Release|Any CPU.ActiveCfg = Release|Any CPU
		{8E653D70-9ECD-4131-850B-1543A508178F}.Release|Any CPU.Build.0 = Release|Any CPU
		{8E653D70-9ECD-4131-850B-1543A508178F}.Release|x64.ActiveCfg = Release|Any CPU
		{8E653D70-9ECD-4131-850B-1543A508178F}.Release|x64.Build.0 = Release|Any CPU
		{8E653D70-9ECD-4131-850B-1543A508178F}.Release|x86.ActiveCfg = Release|Any CPU
		{8E653D70-9ECD-4131-850B-1543A508178F}.Release|x86.Build.0 = Release|Any CPU
		{87AA8BFF-430E-4234-ADEE-9627AC487B29}.Debug|Any CPU.ActiveCfg = Debug|Any CPU
		{87AA8BFF-430E-4234-ADEE-9627AC487B29}.Debug|Any CPU.Build.0 = Debug|Any CPU
		{87AA8BFF-430E-4234-ADEE-9627AC487B29}.Debug|x64.ActiveCfg = Debug|Any CPU
		{87AA8BFF-430E-4234-ADEE-9627AC487B29}.Debug|x64.Build.0 = Debug|Any CPU
		{87AA8BFF-430E-4234-ADEE-9627AC487B29}.Debug|x86.ActiveCfg = Debug|Any CPU
		{87AA8BFF-430E-4234-ADEE-9627AC487B29}.Debug|x86.Build.0 = Debug|Any CPU
		{87AA8BFF-430E-4234-ADEE-9627AC487B29}.Release|Any CPU.ActiveCfg = Release|Any CPU
		{87AA8BFF-430E-4234-ADEE-9627AC487B29}.Release|Any CPU.Build.0 = Release|Any CPU
		{87AA8BFF-430E-4234-ADEE-9627AC487B29}.Release|x64.ActiveCfg = Release|Any CPU
		{87AA8BFF-430E-4234-ADEE-9627AC487B29}.Release|x64.Build.0 = Release|Any CPU
		{87AA8BFF-430E-4234-ADEE-9627AC487B29}.Release|x86.ActiveCfg = Release|Any CPU
		{87AA8BFF-430E-4234-ADEE-9627AC487B29}.Release|x86.Build.0 = Release|Any CPU
	EndGlobalSection
	GlobalSection(SolutionProperties) = preSolution
		HideSolutionNode = FALSE
	EndGlobalSection
	GlobalSection(NestedProjects) = preSolution
		{87AA8BFF-430E-4234-ADEE-9627AC487B29} = {0AB3BF05-4346-4AA6-1389-037BE0695223}
	EndGlobalSection
EndGlobal
